
Microsoft Visual Studio Solution File, Format Version 12.00
# Visual Studio Version 16
VisualStudioVersion = 25.0.1700.4
MinimumVisualStudioVersion = 10.0.40219.1
Project("{FAE04EC0-301F-11D3-BF4B-00C04F79EFBC}") = "WebAPI5", "WebAPI5\WebAPI5.csproj", "{0B510ACC-56FC-49D7-9B11-2F69AD2024D1}"
EndProject
Project("{FAE04EC0-301F-11D3-BF4B-00C04F79EFBC}") = "WebAPI5.TesteIntegrado", "WebAPI5.TesteIntegrado\WebAPI5.TesteIntegrado.csproj", "{D5DB46CC-2121-46F5-A137-7D0A0B7A05A7}"
EndProject
Global
	GlobalSection(SolutionConfigurationPlatforms) = preSolution
		Debug|Any CPU = Debug|Any CPU
		Release|Any CPU = Release|Any CPU
	EndGlobalSection
	GlobalSection(ProjectConfigurationPlatforms) = postSolution
		{0B510ACC-56FC-49D7-9B11-2F69AD2024D1}.Debug|Any CPU.ActiveCfg = Debug|Any CPU
		{0B510ACC-56FC-49D7-9B11-2F69AD2024D1}.Debug|Any CPU.Build.0 = Debug|Any CPU
		{0B510ACC-56FC-49D7-9B11-2F69AD2024D1}.Release|Any CPU.ActiveCfg = Release|Any CPU
		{0B510ACC-56FC-49D7-9B11-2F69AD2024D1}.Release|Any CPU.Build.0 = Release|Any CPU
		{D5DB46CC-2121-46F5-A137-7D0A0B7A05A7}.Debug|Any CPU.ActiveCfg = Debug|Any CPU
		{D5DB46CC-2121-46F5-A137-7D0A0B7A05A7}.Debug|Any CPU.Build.0 = Debug|Any CPU
		{D5DB46CC-2121-46F5-A137-7D0A0B7A05A7}.Release|Any CPU.ActiveCfg = Release|Any CPU
		{D5DB46CC-2121-46F5-A137-7D0A0B7A05A7}.Release|Any CPU.Build.0 = Release|Any CPU
	EndGlobalSection
	GlobalSection(SolutionProperties) = preSolution
		HideSolutionNode = FALSE
	EndGlobalSection
	GlobalSection(ExtensibilityGlobals) = postSolution
		SolutionGuid = {409ACA1D-2DB6-4E05-B751-0682D6593895}
	EndGlobalSection
EndGlobal
